
Microsoft Visual Studio Solution File, Format Version 12.00
# Visual Studio Version 16
VisualStudioVersion = 16.0.30711.63
MinimumVisualStudioVersion = 10.0.40219.1
Project("{FAE04EC0-301F-11D3-BF4B-00C04F79EFBC}") = "BuildExeHR", "BuildExeHR.csproj", "{5EF4B44E-2306-4EEF-B3E1-6E300CDA7342}"
EndProject
Global
	GlobalSection(SolutionConfigurationPlatforms) = preSolution
		Debug|Any CPU = Debug|Any CPU
		Release|Any CPU = Release|Any CPU
	EndGlobalSection
	GlobalSection(ProjectConfigurationPlatforms) = postSolution
		{5EF4B44E-2306-4EEF-B3E1-6E300CDA7342}.Debug|Any CPU.ActiveCfg = Debug|Any CPU
		{5EF4B44E-2306-4EEF-B3E1-6E300CDA7342}.Debug|Any CPU.Build.0 = Debug|Any CPU
		{5EF4B44E-2306-4EEF-B3E1-6E300CDA7342}.Release|Any CPU.ActiveCfg = Release|Any CPU
		{5EF4B44E-2306-4EEF-B3E1-6E300CDA7342}.Release|Any CPU.Build.0 = Release|Any CPU
	EndGlobalSection
	GlobalSection(SolutionProperties) = preSolution
		HideSolutionNode = FALSE
	EndGlobalSection
	GlobalSection(ExtensibilityGlobals) = postSolution
		SolutionGuid = {B9588120-AFEA-4229-8E9E-C75B8E847E0C}
	EndGlobalSection
EndGlobal
